# THIS IS AN AUTOGENERATED FILE. DO NOT EDIT THIS FILE DIRECTLY.
# yarn lockfile v1


"@dcloudio/uni-ui@^1.4.27":
  version "1.4.27"
  resolved "https://registry.yarnpkg.com/@dcloudio/uni-ui/-/uni-ui-1.4.27.tgz#679bf380ed96109768b54d25a67014c72c1e2a8f"
  integrity sha512-rum85gViMdOsmbVlb+iWV7V0ZEczaefpCvNaUE8mKjYfgY5NA5XeDOdG+K2Ki4BJ0gAwz8r+2w2EW2lu8XLImg==

mand-mobile@^2.6.1:
  version "2.6.1"
  resolved "https://registry.yarnpkg.com/mand-mobile/-/mand-mobile-2.6.1.tgz#d3ad86c4643cb798055509fc6c816eab282f06d6"
  integrity sha512-4L1TS4QMIy3Com0Gcgw5mUXexWbxgBs9R/XZykQ4Z9S9mzlFV80tCEAAU5Qxhmu281VgYPF5sDRbrXeVt9nyiA==

uni-ui@^1.0.0:
  version "1.0.0"
  resolved "https://registry.yarnpkg.com/uni-ui/-/uni-ui-1.0.0.tgz#710ad7be190a69163deb3ea2677a4cd6eb0dd50b"
  integrity sha512-NDN1mfZhMa0FCnEt3vyqBcNUCHcz+At2+OgcPakCwm3SsXeKZ8Qk7u60CpxqVmhnk14jhgJdxgtCpwx1yW96VQ==
